<?xml version="1.0" encoding="utf-8"?>
<Project ToolsVersion="4.0" xmlns="http://schemas.microsoft.com/developer/msbuild/2003">
  <ItemGroup>
    <Filter Include="Renderer">
      <UniqueIdentifier>{7CCE658F-689B-C09A-91B4-AE427DE0F528}</UniqueIdentifier>
    </Filter>
  </ItemGroup>
  <ItemGroup>
    <ClInclude Include="src\Renderer\Buffer.h">
      <Filter>Renderer</Filter>
    </ClInclude>
    <ClInclude Include="src\Renderer\Shader.h">
      <Filter>Renderer</Filter>
    </ClInclude>
    <ClInclude Include="src\Renderer\VertexArray.h">
      <Filter>Renderer</Filter>
    </ClInclude>
  </ItemGroup>
  <ItemGroup>
    <ClCompile Include="src\Renderer\Buffer.cpp">
      <Filter>Renderer</Filter>
    </ClCompile>
    <ClCompile Include="src\Renderer\Shader.cpp">
      <Filter>Renderer</Filter>
    </ClCompile>
    <ClCompile Include="src\Renderer\VertexArray.cpp">
      <Filter>Renderer</Filter>
    </ClCompile>
    <ClCompile Include="src\main.cpp" />
  </ItemGroup>
  <ItemGroup>
    <None Include="assets\shaders\triangle_vertex_shader.glsl" />
    <None Include="assets\shaders\triangle_fragment_shader.glsl" />
  </ItemGroup>
</Project>